
Microsoft Visual Studio Solution File, Format Version 12.00
# Visual Studio Version 16
VisualStudioVersion = 16.0.31410.357
MinimumVisualStudioVersion = 10.0.40219.1
Project("{FAE04EC0-301F-11D3-BF4B-00C04F79EFBC}") = "Console Mu Online", "Console Mu Online\Console Mu Online.csproj", "{6A1E1CD5-549E-469F-8E75-940C23FB71C3}"
EndProject
Global
	GlobalSection(SolutionConfigurationPlatforms) = preSolution
		Debug|Any CPU = Debug|Any CPU
		Release|Any CPU = Release|Any CPU
	EndGlobalSection
	GlobalSection(ProjectConfigurationPlatforms) = postSolution
		{6A1E1CD5-549E-469F-8E75-940C23FB71C3}.Debug|Any CPU.ActiveCfg = Debug|Any CPU
		{6A1E1CD5-549E-469F-8E75-940C23FB71C3}.Debug|Any CPU.Build.0 = Debug|Any CPU
		{6A1E1CD5-549E-469F-8E75-940C23FB71C3}.Release|Any CPU.ActiveCfg = Release|Any CPU
		{6A1E1CD5-549E-469F-8E75-940C23FB71C3}.Release|Any CPU.Build.0 = Release|Any CPU
	EndGlobalSection
	GlobalSection(SolutionProperties) = preSolution
		HideSolutionNode = FALSE
	EndGlobalSection
	GlobalSection(ExtensibilityGlobals) = postSolution
		SolutionGuid = {8E70CE95-2757-421D-B8E6-097A36D6CC60}
	EndGlobalSection
EndGlobal
